
Microsoft Visual Studio Solution File, Format Version 12.00
# Visual Studio Version 16
VisualStudioVersion = 16.0.33214.272
MinimumVisualStudioVersion = 10.0.40219.1
Project("{8BC9CEB8-8B4A-11D0-8D11-00A0C91BC942}") = "算法训练", "算法训练\算法训练.vcxproj", "{A0299212-ABCD-4A29-AF27-F9E0D81C243F}"
EndProject
Global
	GlobalSection(SolutionConfigurationPlatforms) = preSolution
		Debug|x64 = Debug|x64
		Debug|x86 = Debug|x86
		Release|x64 = Release|x64
		Release|x86 = Release|x86
	EndGlobalSection
	GlobalSection(ProjectConfigurationPlatforms) = postSolution
		{A0299212-ABCD-4A29-AF27-F9E0D81C243F}.Debug|x64.ActiveCfg = Debug|x64
		{A0299212-ABCD-4A29-AF27-F9E0D81C243F}.Debug|x64.Build.0 = Debug|x64
		{A0299212-ABCD-4A29-AF27-F9E0D81C243F}.Debug|x86.ActiveCfg = Debug|Win32
		{A0299212-ABCD-4A29-AF27-F9E0D81C243F}.Debug|x86.Build.0 = Debug|Win32
		{A0299212-ABCD-4A29-AF27-F9E0D81C243F}.Release|x64.ActiveCfg = Release|x64
		{A0299212-ABCD-4A29-AF27-F9E0D81C243F}.Release|x64.Build.0 = Release|x64
		{A0299212-ABCD-4A29-AF27-F9E0D81C243F}.Release|x86.ActiveCfg = Release|Win32
		{A0299212-ABCD-4A29-AF27-F9E0D81C243F}.Release|x86.Build.0 = Release|Win32
	EndGlobalSection
	GlobalSection(SolutionProperties) = preSolution
		HideSolutionNode = FALSE
	EndGlobalSection
	GlobalSection(ExtensibilityGlobals) = postSolution
		SolutionGuid = {0CD399B0-0274-4A0A-A917-A8A1DD5547D2}
	EndGlobalSection
EndGlobal
